
Microsoft Visual Studio Solution File, Format Version 12.00
# Visual Studio Version 16
VisualStudioVersion = 16.0.28621.142
MinimumVisualStudioVersion = 10.0.40219.1
Project("{FAE04EC0-301F-11D3-BF4B-00C04F79EFBC}") = "ReverseStream", "ReverseStream\ReverseStream.csproj", "{0EDFED8F-BC87-4E64-967E-986AC7E06FE2}"
EndProject
Project("{FAE04EC0-301F-11D3-BF4B-00C04F79EFBC}") = "ReverseStream.Test", "ReverseStream.Test\ReverseStream.Test.csproj", "{51B8EC77-77A2-4B17-9768-9FF537A3B923}"
EndProject
Global
	GlobalSection(SolutionConfigurationPlatforms) = preSolution
		Debug|Any CPU = Debug|Any CPU
		Release|Any CPU = Release|Any CPU
	EndGlobalSection
	GlobalSection(ProjectConfigurationPlatforms) = postSolution
		{0EDFED8F-BC87-4E64-967E-986AC7E06FE2}.Debug|Any CPU.ActiveCfg = Debug|Any CPU
		{0EDFED8F-BC87-4E64-967E-986AC7E06FE2}.Debug|Any CPU.Build.0 = Debug|Any CPU
		{0EDFED8F-BC87-4E64-967E-986AC7E06FE2}.Release|Any CPU.ActiveCfg = Release|Any CPU
		{0EDFED8F-BC87-4E64-967E-986AC7E06FE2}.Release|Any CPU.Build.0 = Release|Any CPU
		{51B8EC77-77A2-4B17-9768-9FF537A3B923}.Debug|Any CPU.ActiveCfg = Debug|Any CPU
		{51B8EC77-77A2-4B17-9768-9FF537A3B923}.Debug|Any CPU.Build.0 = Debug|Any CPU
		{51B8EC77-77A2-4B17-9768-9FF537A3B923}.Release|Any CPU.ActiveCfg = Release|Any CPU
		{51B8EC77-77A2-4B17-9768-9FF537A3B923}.Release|Any CPU.Build.0 = Release|Any CPU
	EndGlobalSection
	GlobalSection(SolutionProperties) = preSolution
		HideSolutionNode = FALSE
	EndGlobalSection
	GlobalSection(ExtensibilityGlobals) = postSolution
		SolutionGuid = {97C3D710-5C01-4E9E-A71D-603E46E1082E}
	EndGlobalSection
EndGlobal
